// !$*UTF8*$!
{
	archiveVersion = 1;
	classes = {
	};
	objectVersion = 50;
	objects = {

/* Begin PBXBuildFile section */
		70C1FB6C25DFEB42007A6B14 /* AppDelegate.swift in Sources */ = {isa = PBXBuildFile; fileRef = 70C1FB6B25DFEB42007A6B14 /* AppDelegate.swift */; };
		70C1FB6E25DFEB42007A6B14 /* SceneDelegate.swift in Sources */ = {isa = PBXBuildFile; fileRef = 70C1FB6D25DFEB42007A6B14 /* SceneDelegate.swift */; };
		70C1FB7525DFEB44007A6B14 /* Assets.xcassets in Resources */ = {isa = PBXBuildFile; fileRef = 70C1FB7425DFEB44007A6B14 /* Assets.xcassets */; };
		70C1FB7825DFEB44007A6B14 /* LaunchScreen.storyboard in Resources */ = {isa = PBXBuildFile; fileRef = 70C1FB7625DFEB44007A6B14 /* LaunchScreen.storyboard */; };
		70C1FB8825DFECED007A6B14 /* NewsTableViewController.swift in Sources */ = {isa = PBXBuildFile; fileRef = 70C1FB8725DFECED007A6B14 /* NewsTableViewController.swift */; };
		70C1FB8D25DFED95007A6B14 /* Constants.swift in Sources */ = {isa = PBXBuildFile; fileRef = 70C1FB8C25DFED95007A6B14 /* Constants.swift */; };
		70C1FB9025DFEFAE007A6B14 /* MainNavigationController.swift in Sources */ = {isa = PBXBuildFile; fileRef = 70C1FB8F25DFEFAE007A6B14 /* MainNavigationController.swift */; };
		70C1FB9425DFFDC7007A6B14 /* News.swift in Sources */ = {isa = PBXBuildFile; fileRef = 70C1FB9325DFFDC7007A6B14 /* News.swift */; };
		70C1FB9725DFFDE5007A6B14 /* Article.swift in Sources */ = {isa = PBXBuildFile; fileRef = 70C1FB9625DFFDE5007A6B14 /* Article.swift */; };
		70C1FB9B25DFFE41007A6B14 /* NetworkManager.swift in Sources */ = {isa = PBXBuildFile; fileRef = 70C1FB9A25DFFE41007A6B14 /* NetworkManager.swift */; };
		70C1FB9F25E00576007A6B14 /* ArticleViewModel.swift in Sources */ = {isa = PBXBuildFile; fileRef = 70C1FB9E25E00576007A6B14 /* ArticleViewModel.swift */; };
		70C1FBA225E00728007A6B14 /* NewsViewModel.swift in Sources */ = {isa = PBXBuildFile; fileRef = 70C1FBA125E00728007A6B14 /* NewsViewModel.swift */; };
		70C1FBA825E019E5007A6B14 /* NewsTableViewCell.swift in Sources */ = {isa = PBXBuildFile; fileRef = 70C1FBA725E019E5007A6B14 /* NewsTableViewCell.swift */; };
		70C1FBAC25E01D1B007A6B14 /* Extensions.swift in Sources */ = {isa = PBXBuildFile; fileRef = 70C1FBAB25E01D1B007A6B14 /* Extensions.swift */; };
		70C1FBAF25E0225D007A6B14 /* ContentStackView.swift in Sources */ = {isa = PBXBuildFile; fileRef = 70C1FBAE25E0225D007A6B14 /* ContentStackView.swift */; };
/* End PBXBuildFile section */

/* Begin PBXFileReference section */
		70C1FB6825DFEB42007A6B14 /* FeedNews.app */ = {isa = PBXFileReference; explicitFileType = wrapper.application; includeInIndex = 0; path = FeedNews.app; sourceTree = BUILT_PRODUCTS_DIR; };
		70C1FB6B25DFEB42007A6B14 /* AppDelegate.swift */ = {isa = PBXFileReference; lastKnownFileType = sourcecode.swift; path = AppDelegate.swift; sourceTree = "<group>"; };
		70C1FB6D25DFEB42007A6B14 /* SceneDelegate.swift */ = {isa = PBXFileReference; lastKnownFileType = sourcecode.swift; path = SceneDelegate.swift; sourceTree = "<group>"; };
		70C1FB7425DFEB44007A6B14 /* Assets.xcassets */ = {isa = PBXFileReference; lastKnownFileType = folder.assetcatalog; path = Assets.xcassets; sourceTree = "<group>"; };
		70C1FB7725DFEB44007A6B14 /* Base */ = {isa = PBXFileReference; lastKnownFileType = file.storyboard; name = Base; path = Base.lproj/LaunchScreen.storyboard; sourceTree = "<group>"; };
		70C1FB7925DFEB44007A6B14 /* Info.plist */ = {isa = PBXFileReference; lastKnownFileType = text.plist.xml; path = Info.plist; sourceTree = "<group>"; };
		70C1FB8725DFECED007A6B14 /* NewsTableViewController.swift */ = {isa = PBXFileReference; lastKnownFileType = sourcecode.swift; path = NewsTableViewController.swift; sourceTree = "<group>"; };
		70C1FB8C25DFED95007A6B14 /* Constants.swift */ = {isa = PBXFileReference; lastKnownFileType = sourcecode.swift; path = Constants.swift; sourceTree = "<group>"; };
		70C1FB8F25DFEFAE007A6B14 /* MainNavigationController.swift */ = {isa = PBXFileReference; lastKnownFileType = sourcecode.swift; path = MainNavigationController.swift; sourceTree = "<group>"; };
		70C1FB9325DFFDC7007A6B14 /* News.swift */ = {isa = PBXFileReference; lastKnownFileType = sourcecode.swift; path = News.swift; sourceTree = "<group>"; };
		70C1FB9625DFFDE5007A6B14 /* Article.swift */ = {isa = PBXFileReference; lastKnownFileType = sourcecode.swift; path = Article.swift; sourceTree = "<group>"; };
		70C1FB9A25DFFE41007A6B14 /* NetworkManager.swift */ = {isa = PBXFileReference; lastKnownFileType = sourcecode.swift; path = NetworkManager.swift; sourceTree = "<group>"; };
		70C1FB9E25E00576007A6B14 /* ArticleViewModel.swift */ = {isa = PBXFileReference; lastKnownFileType = sourcecode.swift; path = ArticleViewModel.swift; sourceTree = "<group>"; };
		70C1FBA125E00728007A6B14 /* NewsViewModel.swift */ = {isa = PBXFileReference; lastKnownFileType = sourcecode.swift; path = NewsViewModel.swift; sourceTree = "<group>"; };
		70C1FBA725E019E5007A6B14 /* NewsTableViewCell.swift */ = {isa = PBXFileReference; lastKnownFileType = sourcecode.swift; path = NewsTableViewCell.swift; sourceTree = "<group>"; };
		70C1FBAB25E01D1B007A6B14 /* Extensions.swift */ = {isa = PBXFileReference; lastKnownFileType = sourcecode.swift; path = Extensions.swift; sourceTree = "<group>"; };
		70C1FBAE25E0225D007A6B14 /* ContentStackView.swift */ = {isa = PBXFileReference; lastKnownFileType = sourcecode.swift; path = ContentStackView.swift; sourceTree = "<group>"; };
/* End PBXFileReference section */

/* Begin PBXFrameworksBuildPhase section */
		70C1FB6525DFEB42007A6B14 /* Frameworks */ = {
			isa = PBXFrameworksBuildPhase;
			buildActionMask = 2147483647;
			files = (
			);
			runOnlyForDeploymentPostprocessing = 0;
		};
/* End PBXFrameworksBuildPhase section */

/* Begin PBXGroup section */
		70C1FB5F25DFEB42007A6B14 = {
			isa = PBXGroup;
			children = (
				70C1FB6A25DFEB42007A6B14 /* FeedNews */,
				70C1FB6925DFEB42007A6B14 /* Products */,
			);
			sourceTree = "<group>";
		};
		70C1FB6925DFEB42007A6B14 /* Products */ = {
			isa = PBXGroup;
			children = (
				70C1FB6825DFEB42007A6B14 /* FeedNews.app */,
			);
			name = Products;
			sourceTree = "<group>";
		};
		70C1FB6A25DFEB42007A6B14 /* FeedNews */ = {
			isa = PBXGroup;
			children = (
				70C1FB9925DFFE1F007A6B14 /* Services */,
				70C1FB8B25DFED61007A6B14 /* Utilities */,
				70C1FB8325DFEC21007A6B14 /* Model */,
				70C1FBA525E01986007A6B14 /* Views */,
				70C1FB8425DFEC27007A6B14 /* ViewModel */,
				70C1FB8525DFEC34007A6B14 /* Controllers */,
				70C1FB8625DFEC82007A6B14 /* SupportingFiles */,
				70C1FB7925DFEB44007A6B14 /* Info.plist */,
			);
			path = FeedNews;
			sourceTree = "<group>";
		};
		70C1FB8325DFEC21007A6B14 /* Model */ = {
			isa = PBXGroup;
			children = (
				70C1FB9325DFFDC7007A6B14 /* News.swift */,
				70C1FB9625DFFDE5007A6B14 /* Article.swift */,
			);
			path = Model;
			sourceTree = "<group>";
		};
		70C1FB8425DFEC27007A6B14 /* ViewModel */ = {
			isa = PBXGroup;
			children = (
				70C1FBA125E00728007A6B14 /* NewsViewModel.swift */,
				70C1FB9E25E00576007A6B14 /* ArticleViewModel.swift */,
			);
			path = ViewModel;
			sourceTree = "<group>";
		};
		70C1FB8525DFEC34007A6B14 /* Controllers */ = {
			isa = PBXGroup;
			children = (
				70C1FB8F25DFEFAE007A6B14 /* MainNavigationController.swift */,
				70C1FB8725DFECED007A6B14 /* NewsTableViewController.swift */,
			);
			path = Controllers;
			sourceTree = "<group>";
		};
		70C1FB8625DFEC82007A6B14 /* SupportingFiles */ = {
			isa = PBXGroup;
			children = (
				70C1FB6B25DFEB42007A6B14 /* AppDelegate.swift */,
				70C1FB6D25DFEB42007A6B14 /* SceneDelegate.swift */,
				70C1FB7425DFEB44007A6B14 /* Assets.xcassets */,
				70C1FB7625DFEB44007A6B14 /* LaunchScreen.storyboard */,
			);
			path = SupportingFiles;
			sourceTree = "<group>";
		};
		70C1FB8B25DFED61007A6B14 /* Utilities */ = {
			isa = PBXGroup;
			children = (
				70C1FB8C25DFED95007A6B14 /* Constants.swift */,
				70C1FBAB25E01D1B007A6B14 /* Extensions.swift */,
			);
			path = Utilities;
			sourceTree = "<group>";
		};
		70C1FB9925DFFE1F007A6B14 /* Services */ = {
			isa = PBXGroup;
			children = (
				70C1FB9A25DFFE41007A6B14 /* NetworkManager.swift */,
			);
			path = Services;
			sourceTree = "<group>";
		};
		70C1FBA525E01986007A6B14 /* Views */ = {
			isa = PBXGroup;
			children = (
				70C1FBA625E019C3007A6B14 /* Cells */,
				70C1FBAE25E0225D007A6B14 /* ContentStackView.swift */,
			);
			path = Views;
			sourceTree = "<group>";
		};
		70C1FBA625E019C3007A6B14 /* Cells */ = {
			isa = PBXGroup;
			children = (
				70C1FBA725E019E5007A6B14 /* NewsTableViewCell.swift */,
			);
			path = Cells;
			sourceTree = "<group>";
		};
/* End PBXGroup section */

/* Begin PBXNativeTarget section */
		70C1FB6725DFEB42007A6B14 /* FeedNews */ = {
			isa = PBXNativeTarget;
			buildConfigurationList = 70C1FB7C25DFEB44007A6B14 /* Build configuration list for PBXNativeTarget "FeedNews" */;
			buildPhases = (
				70C1FB6425DFEB42007A6B14 /* Sources */,
				70C1FB6525DFEB42007A6B14 /* Frameworks */,
				70C1FB6625DFEB42007A6B14 /* Resources */,
			);
			buildRules = (
			);
			dependencies = (
			);
			name = FeedNews;
			productName = FeedNews;
			productReference = 70C1FB6825DFEB42007A6B14 /* FeedNews.app */;
			productType = "com.apple.product-type.application";
		};
/* End PBXNativeTarget section */

/* Begin PBXProject section */
		70C1FB6025DFEB42007A6B14 /* Project object */ = {
			isa = PBXProject;
			attributes = {
				LastSwiftUpdateCheck = 1240;
				LastUpgradeCheck = 1240;
				TargetAttributes = {
					70C1FB6725DFEB42007A6B14 = {
						CreatedOnToolsVersion = 12.4;
					};
				};
			};
			buildConfigurationList = 70C1FB6325DFEB42007A6B14 /* Build configuration list for PBXProject "FeedNews" */;
			compatibilityVersion = "Xcode 9.3";
			developmentRegion = en;
			hasScannedForEncodings = 0;
			knownRegions = (
				en,
				Base,
			);
			mainGroup = 70C1FB5F25DFEB42007A6B14;
			productRefGroup = 70C1FB6925DFEB42007A6B14 /* Products */;
			projectDirPath = "";
			projectRoot = "";
			targets = (
				70C1FB6725DFEB42007A6B14 /* FeedNews */,
			);
		};
/* End PBXProject section */

/* Begin PBXResourcesBuildPhase section */
		70C1FB6625DFEB42007A6B14 /* Resources */ = {
			isa = PBXResourcesBuildPhase;
			buildActionMask = 2147483647;
			files = (
				70C1FB7825DFEB44007A6B14 /* LaunchScreen.storyboard in Resources */,
				70C1FB7525DFEB44007A6B14 /* Assets.xcassets in Resources */,
			);
			runOnlyForDeploymentPostprocessing = 0;
		};
/* End PBXResourcesBuildPhase section */

/* Begin PBXSourcesBuildPhase section */
		70C1FB6425DFEB42007A6B14 /* Sources */ = {
			isa = PBXSourcesBuildPhase;
			buildActionMask = 2147483647;
			files = (
				70C1FB9725DFFDE5007A6B14 /* Article.swift in Sources */,
				70C1FBA825E019E5007A6B14 /* NewsTableViewCell.swift in Sources */,
				70C1FB9425DFFDC7007A6B14 /* News.swift in Sources */,
				70C1FB9025DFEFAE007A6B14 /* MainNavigationController.swift in Sources */,
				70C1FB6C25DFEB42007A6B14 /* AppDelegate.swift in Sources */,
				70C1FB9B25DFFE41007A6B14 /* NetworkManager.swift in Sources */,
				70C1FB6E25DFEB42007A6B14 /* SceneDelegate.swift in Sources */,
				70C1FBAC25E01D1B007A6B14 /* Extensions.swift in Sources */,
				70C1FB9F25E00576007A6B14 /* ArticleViewModel.swift in Sources */,
				70C1FBA225E00728007A6B14 /* NewsViewModel.swift in Sources */,
				70C1FBAF25E0225D007A6B14 /* ContentStackView.swift in Sources */,
				70C1FB8825DFECED007A6B14 /* NewsTableViewController.swift in Sources */,
				70C1FB8D25DFED95007A6B14 /* Constants.swift in Sources */,
			);
			runOnlyForDeploymentPostprocessing = 0;
		};
/* End PBXSourcesBuildPhase section */

/* Begin PBXVariantGroup section */
		70C1FB7625DFEB44007A6B14 /* LaunchScreen.storyboard */ = {
			isa = PBXVariantGroup;
			children = (
				70C1FB7725DFEB44007A6B14 /* Base */,
			);
			name = LaunchScreen.storyboard;
			sourceTree = "<group>";
		};
/* End PBXVariantGroup section */

/* Begin XCBuildConfiguration section */
		70C1FB7A25DFEB44007A6B14 /* Debug */ = {
			isa = XCBuildConfiguration;
			buildSettings = {
				ALWAYS_SEARCH_USER_PATHS = NO;
				CLANG_ANALYZER_NONNULL = YES;
				CLANG_ANALYZER_NUMBER_OBJECT_CONVERSION = YES_AGGRESSIVE;
				CLANG_CXX_LANGUAGE_STANDARD = "gnu++14";
				CLANG_CXX_LIBRARY = "libc++";
				CLANG_ENABLE_MODULES = YES;
				CLANG_ENABLE_OBJC_ARC = YES;
				CLANG_ENABLE_OBJC_WEAK = YES;
				CLANG_WARN_BLOCK_CAPTURE_AUTORELEASING = YES;
				CLANG_WARN_BOOL_CONVERSION = YES;
				CLANG_WARN_COMMA = YES;
				CLANG_WARN_CONSTANT_CONVERSION = YES;
				CLANG_WARN_DEPRECATED_OBJC_IMPLEMENTATIONS = YES;
				CLANG_WARN_DIRECT_OBJC_ISA_USAGE = YES_ERROR;
				CLANG_WARN_DOCUMENTATION_COMMENTS = YES;
				CLANG_WARN_EMPTY_BODY = YES;
				CLANG_WARN_ENUM_CONVERSION = YES;
				CLANG_WARN_INFINITE_RECURSION = YES;
				CLANG_WARN_INT_CONVERSION = YES;
				CLANG_WARN_NON_LITERAL_NULL_CONVERSION = YES;
				CLANG_WARN_OBJC_IMPLICIT_RETAIN_SELF = YES;
				CLANG_WARN_OBJC_LITERAL_CONVERSION = YES;
				CLANG_WARN_OBJC_ROOT_CLASS = YES_ERROR;
				CLANG_WARN_QUOTED_INCLUDE_IN_FRAMEWORK_HEADER = YES;
				CLANG_WARN_RANGE_LOOP_ANALYSIS = YES;
				CLANG_WARN_STRICT_PROTOTYPES = YES;
				CLANG_WARN_SUSPICIOUS_MOVE = YES;
				CLANG_WARN_UNGUARDED_AVAILABILITY = YES_AGGRESSIVE;
				CLANG_WARN_UNREACHABLE_CODE = YES;
				CLANG_WARN__DUPLICATE_METHOD_MATCH = YES;
				COPY_PHASE_STRIP = NO;
				DEBUG_INFORMATION_FORMAT = dwarf;
				ENABLE_STRICT_OBJC_MSGSEND = YES;
				ENABLE_TESTABILITY = YES;
				GCC_C_LANGUAGE_STANDARD = gnu11;
				GCC_DYNAMIC_NO_PIC = NO;
				GCC_NO_COMMON_BLOCKS = YES;
				GCC_OPTIMIZATION_LEVEL = 0;
				GCC_PREPROCESSOR_DEFINITIONS = (
					"DEBUG=1",
					"$(inherited)",
				);
				GCC_WARN_64_TO_32_BIT_CONVERSION = YES;
				GCC_WARN_ABOUT_RETURN_TYPE = YES_ERROR;
				GCC_WARN_UNDECLARED_SELECTOR = YES;
				GCC_WARN_UNINITIALIZED_AUTOS = YES_AGGRESSIVE;
				GCC_WARN_UNUSED_FUNCTION = YES;
				GCC_WARN_UNUSED_VARIABLE = YES;
				IPHONEOS_DEPLOYMENT_TARGET = 14.4;
				MTL_ENABLE_DEBUG_INFO = INCLUDE_SOURCE;
				MTL_FAST_MATH = YES;
				ONLY_ACTIVE_ARCH = YES;
				SDKROOT = iphoneos;
				SWIFT_ACTIVE_COMPILATION_CONDITIONS = DEBUG;
				SWIFT_OPTIMIZATION_LEVEL = "-Onone";
			};
			name = Debug;
		};
		70C1FB7B25DFEB44007A6B14 /* Release */ = {
			isa = XCBuildConfiguration;
			buildSettings = {
				ALWAYS_SEARCH_USER_PATHS = NO;
				CLANG_ANALYZER_NONNULL = YES;
				CLANG_ANALYZER_NUMBER_OBJECT_CONVERSION = YES_AGGRESSIVE;
				CLANG_CXX_LANGUAGE_STANDARD = "gnu++14";
				CLANG_CXX_LIBRARY = "libc++";
				CLANG_ENABLE_MODULES = YES;
				CLANG_ENABLE_OBJC_ARC = YES;
				CLANG_ENABLE_OBJC_WEAK = YES;
				CLANG_WARN_BLOCK_CAPTURE_AUTORELEASING = YES;
				CLANG_WARN_BOOL_CONVERSION = YES;
				CLANG_WARN_COMMA = YES;
				CLANG_WARN_CONSTANT_CONVERSION = YES;
				CLANG_WARN_DEPRECATED_OBJC_IMPLEMENTATIONS = YES;
				CLANG_WARN_DIRECT_OBJC_ISA_USAGE = YES_ERROR;
				CLANG_WARN_DOCUMENTATION_COMMENTS = YES;
				CLANG_WARN_EMPTY_BODY = YES;
				CLANG_WARN_ENUM_CONVERSION = YES;
				CLANG_WARN_INFINITE_RECURSION = YES;
				CLANG_WARN_INT_CONVERSION = YES;
				CLANG_WARN_NON_LITERAL_NULL_CONVERSION = YES;
				CLANG_WARN_OBJC_IMPLICIT_RETAIN_SELF = YES;
				CLANG_WARN_OBJC_LITERAL_CONVERSION = YES;
				CLANG_WARN_OBJC_ROOT_CLASS = YES_ERROR;
				CLANG_WARN_QUOTED_INCLUDE_IN_FRAMEWORK_HEADER = YES;
				CLANG_WARN_RANGE_LOOP_ANALYSIS = YES;
				CLANG_WARN_STRICT_PROTOTYPES = YES;
				CLANG_WARN_SUSPICIOUS_MOVE = YES;
				CLANG_WARN_UNGUARDED_AVAILABILITY = YES_AGGRESSIVE;
				CLANG_WARN_UNREACHABLE_CODE = YES;
				CLANG_WARN__DUPLICATE_METHOD_MATCH = YES;
				COPY_PHASE_STRIP = NO;
				DEBUG_INFORMATION_FORMAT = "dwarf-with-dsym";
				ENABLE_NS_ASSERTIONS = NO;
				ENABLE_STRICT_OBJC_MSGSEND = YES;
				GCC_C_LANGUAGE_STANDARD = gnu11;
				GCC_NO_COMMON_BLOCKS = YES;
				GCC_WARN_64_TO_32_BIT_CONVERSION = YES;
				GCC_WARN_ABOUT_RETURN_TYPE = YES_ERROR;
				GCC_WARN_UNDECLARED_SELECTOR = YES;
				GCC_WARN_UNINITIALIZED_AUTOS = YES_AGGRESSIVE;
				GCC_WARN_UNUSED_FUNCTION = YES;
				GCC_WARN_UNUSED_VARIABLE = YES;
				IPHONEOS_DEPLOYMENT_TARGET = 14.4;
				MTL_ENABLE_DEBUG_INFO = NO;
				MTL_FAST_MATH = YES;
				SDKROOT = iphoneos;
				SWIFT_COMPILATION_MODE = wholemodule;
				SWIFT_OPTIMIZATION_LEVEL = "-O";
				VALIDATE_PRODUCT = YES;
			};
			name = Release;
		};
		70C1FB7D25DFEB44007A6B14 /* Debug */ = {
			isa = XCBuildConfiguration;
			buildSettings = {
				ASSETCATALOG_COMPILER_APPICON_NAME = AppIcon;
				ASSETCATALOG_COMPILER_GLOBAL_ACCENT_COLOR_NAME = AccentColor;
				CODE_SIGN_STYLE = Automatic;
				DEVELOPMENT_TEAM = N8M7LJZP6D;
				INFOPLIST_FILE = FeedNews/Info.plist;
				LD_RUNPATH_SEARCH_PATHS = (
					"$(inherited)",
					"@executable_path/Frameworks",
				);
				PRODUCT_BUNDLE_IDENTIFIER = com.oscarmartinezg.FeedNews;
				PRODUCT_NAME = "$(TARGET_NAME)";
				SWIFT_VERSION = 5.0;
				TARGETED_DEVICE_FAMILY = 1;
			};
			name = Debug;
		};
		70C1FB7E25DFEB44007A6B14 /* Release */ = {
			isa = XCBuildConfiguration;
			buildSettings = {
				ASSETCATALOG_COMPILER_APPICON_NAME = AppIcon;
				ASSETCATALOG_COMPILER_GLOBAL_ACCENT_COLOR_NAME = AccentColor;
				CODE_SIGN_STYLE = Automatic;
				DEVELOPMENT_TEAM = N8M7LJZP6D;
				INFOPLIST_FILE = FeedNews/Info.plist;
				LD_RUNPATH_SEARCH_PATHS = (
					"$(inherited)",
					"@executable_path/Frameworks",
				);
				PRODUCT_BUNDLE_IDENTIFIER = com.oscarmartinezg.FeedNews;
				PRODUCT_NAME = "$(TARGET_NAME)";
				SWIFT_VERSION = 5.0;
				TARGETED_DEVICE_FAMILY = 1;
			};
			name = Release;
		};
/* End XCBuildConfiguration section */

/* Begin XCConfigurationList section */
		70C1FB6325DFEB42007A6B14 /* Build configuration list for PBXProject "FeedNews" */ = {
			isa = XCConfigurationList;
			buildConfigurations = (
				70C1FB7A25DFEB44007A6B14 /* Debug */,
				70C1FB7B25DFEB44007A6B14 /* Release */,
			);
			defaultConfigurationIsVisible = 0;
			defaultConfigurationName = Release;
		};
		70C1FB7C25DFEB44007A6B14 /* Build configuration list for PBXNativeTarget "FeedNews" */ = {
			isa = XCConfigurationList;
			buildConfigurations = (
				70C1FB7D25DFEB44007A6B14 /* Debug */,
				70C1FB7E25DFEB44007A6B14 /* Release */,
			);
			defaultConfigurationIsVisible = 0;
			defaultConfigurationName = Release;
		};
/* End XCConfigurationList section */
	};
	rootObject = 70C1FB6025DFEB42007A6B14 /* Project object */;
}
